// !$*UTF8*$!
{
	archiveVersion = 1;
	classes = {
	};
	objectVersion = 48;
	objects = {

/* Begin PBXBuildFile section */
		384CAE2920A6F45300EE0B4D /* AppDelegate.swift in Sources */ = {isa = PBXBuildFile; fileRef = 384CAE2820A6F45300EE0B4D /* AppDelegate.swift */; };
		384CAE2B20A6F45300EE0B4D /* ViewController.swift in Sources */ = {isa = PBXBuildFile; fileRef = 384CAE2A20A6F45300EE0B4D /* ViewController.swift */; };
		384CAE2E20A6F45300EE0B4D /* Main.storyboard in Resources */ = {isa = PBXBuildFile; fileRef = 384CAE2C20A6F45300EE0B4D /* Main.storyboard */; };
		384CAE3020A6F45300EE0B4D /* Assets.xcassets in Resources */ = {isa = PBXBuildFile; fileRef = 384CAE2F20A6F45300EE0B4D /* Assets.xcassets */; };
		384CAE3320A6F45300EE0B4D /* LaunchScreen.storyboard in Resources */ = {isa = PBXBuildFile; fileRef = 384CAE3120A6F45300EE0B4D /* LaunchScreen.storyboard */; };
/* End PBXBuildFile section */

/* Begin PBXFileReference section */
		384CAE2520A6F45300EE0B4D /* BotTest.app */ = {isa = PBXFileReference; explicitFileType = wrapper.application; includeInIndex = 0; path = BotTest.app; sourceTree = BUILT_PRODUCTS_DIR; };
		384CAE2820A6F45300EE0B4D /* AppDelegate.swift */ = {isa = PBXFileReference; lastKnownFileType = sourcecode.swift; path = AppDelegate.swift; sourceTree = "<group>"; };
		384CAE2A20A6F45300EE0B4D /* ViewController.swift */ = {isa = PBXFileReference; lastKnownFileType = sourcecode.swift; path = ViewController.swift; sourceTree = "<group>"; };
		384CAE2D20A6F45300EE0B4D /* Base */ = {isa = PBXFileReference; lastKnownFileType = file.storyboard; name = Base; path = Base.lproj/Main.storyboard; sourceTree = "<group>"; };
		384CAE2F20A6F45300EE0B4D /* Assets.xcassets */ = {isa = PBXFileReference; lastKnownFileType = folder.assetcatalog; path = Assets.xcassets; sourceTree = "<group>"; };
		384CAE3220A6F45300EE0B4D /* Base */ = {isa = PBXFileReference; lastKnownFileType = file.storyboard; name = Base; path = Base.lproj/LaunchScreen.storyboard; sourceTree = "<group>"; };
		384CAE3420A6F45300EE0B4D /* Info.plist */ = {isa = PBXFileReference; lastKnownFileType = text.plist.xml; path = Info.plist; sourceTree = "<group>"; };
/* End PBXFileReference section */

/* Begin PBXFrameworksBuildPhase section */
		384CAE2220A6F45300EE0B4D /* Frameworks */ = {
			isa = PBXFrameworksBuildPhase;
			buildActionMask = 2147483647;
			files = (
			);
			runOnlyForDeploymentPostprocessing = 0;
		};
/* End PBXFrameworksBuildPhase section */

/* Begin PBXGroup section */
		384CAE1C20A6F45300EE0B4D = {
			isa = PBXGroup;
			children = (
				384CAE2720A6F45300EE0B4D /* BotTest */,
				384CAE2620A6F45300EE0B4D /* Products */,
			);
			sourceTree = "<group>";
		};
		384CAE2620A6F45300EE0B4D /* Products */ = {
			isa = PBXGroup;
			children = (
				384CAE2520A6F45300EE0B4D /* BotTest.app */,
			);
			name = Products;
			sourceTree = "<group>";
		};
		384CAE2720A6F45300EE0B4D /* BotTest */ = {
			isa = PBXGroup;
			children = (
				384CAE2820A6F45300EE0B4D /* AppDelegate.swift */,
				384CAE2A20A6F45300EE0B4D /* ViewController.swift */,
				384CAE2C20A6F45300EE0B4D /* Main.storyboard */,
				384CAE2F20A6F45300EE0B4D /* Assets.xcassets */,
				384CAE3120A6F45300EE0B4D /* LaunchScreen.storyboard */,
				384CAE3420A6F45300EE0B4D /* Info.plist */,
			);
			path = BotTest;
			sourceTree = "<group>";
		};
/* End PBXGroup section */

/* Begin PBXNativeTarget section */
		384CAE2420A6F45300EE0B4D /* BotTest */ = {
			isa = PBXNativeTarget;
			buildConfigurationList = 384CAE3720A6F45300EE0B4D /* Build configuration list for PBXNativeTarget "BotTest" */;
			buildPhases = (
				384CAE2120A6F45300EE0B4D /* Sources */,
				384CAE2220A6F45300EE0B4D /* Frameworks */,
				384CAE2320A6F45300EE0B4D /* Resources */,
			);
			buildRules = (
			);
			dependencies = (
			);
			name = BotTest;
			productName = BotTest;
			productReference = 384CAE2520A6F45300EE0B4D /* BotTest.app */;
			productType = "com.apple.product-type.application";
		};
/* End PBXNativeTarget section */

/* Begin PBXProject section */
		384CAE1D20A6F45300EE0B4D /* Project object */ = {
			isa = PBXProject;
			attributes = {
				LastSwiftUpdateCheck = 0920;
				LastUpgradeCheck = 0920;
				ORGANIZATIONNAME = "Neuron Solutions";
				TargetAttributes = {
					384CAE2420A6F45300EE0B4D = {
						CreatedOnToolsVersion = 9.2;
						ProvisioningStyle = Automatic;
					};
				};
			};
			buildConfigurationList = 384CAE2020A6F45300EE0B4D /* Build configuration list for PBXProject "BotTest" */;
			compatibilityVersion = "Xcode 8.0";
			developmentRegion = en;
			hasScannedForEncodings = 0;
			knownRegions = (
				en,
				Base,
			);
			mainGroup = 384CAE1C20A6F45300EE0B4D;
			productRefGroup = 384CAE2620A6F45300EE0B4D /* Products */;
			projectDirPath = "";
			projectRoot = "";
			targets = (
				384CAE2420A6F45300EE0B4D /* BotTest */,
			);
		};
/* End PBXProject section */

/* Begin PBXResourcesBuildPhase section */
		384CAE2320A6F45300EE0B4D /* Resources */ = {
			isa = PBXResourcesBuildPhase;
			buildActionMask = 2147483647;
			files = (
				384CAE3320A6F45300EE0B4D /* LaunchScreen.storyboard in Resources */,
				384CAE3020A6F45300EE0B4D /* Assets.xcassets in Resources */,
				384CAE2E20A6F45300EE0B4D /* Main.storyboard in Resources */,
			);
			runOnlyForDeploymentPostprocessing = 0;
		};
/* End PBXResourcesBuildPhase section */

/* Begin PBXSourcesBuildPhase section */
		384CAE2120A6F45300EE0B4D /* Sources */ = {
			isa = PBXSourcesBuildPhase;
			buildActionMask = 2147483647;
			files = (
				384CAE2B20A6F45300EE0B4D /* ViewController.swift in Sources */,
				384CAE2920A6F45300EE0B4D /* AppDelegate.swift in Sources */,
			);
			runOnlyForDeploymentPostprocessing = 0;
		};
/* End PBXSourcesBuildPhase section */

/* Begin PBXVariantGroup section */
		384CAE2C20A6F45300EE0B4D /* Main.storyboard */ = {
			isa = PBXVariantGroup;
			children = (
				384CAE2D20A6F45300EE0B4D /* Base */,
			);
			name = Main.storyboard;
			sourceTree = "<group>";
		};
		384CAE3120A6F45300EE0B4D /* LaunchScreen.storyboard */ = {
			isa = PBXVariantGroup;
			children = (
				384CAE3220A6F45300EE0B4D /* Base */,
			);
			name = LaunchScreen.storyboard;
			sourceTree = "<group>";
		};
/* End PBXVariantGroup section */

/* Begin XCBuildConfiguration section */
		384CAE3520A6F45300EE0B4D /* Debug */ = {
			isa = XCBuildConfiguration;
			buildSettings = {
				ALWAYS_SEARCH_USER_PATHS = NO;
				CLANG_ANALYZER_NONNULL = YES;
				CLANG_ANALYZER_NUMBER_OBJECT_CONVERSION = YES_AGGRESSIVE;
				CLANG_CXX_LANGUAGE_STANDARD = "gnu++14";
				CLANG_CXX_LIBRARY = "libc++";
				CLANG_ENABLE_MODULES = YES;
				CLANG_ENABLE_OBJC_ARC = YES;
				CLANG_WARN_BLOCK_CAPTURE_AUTORELEASING = YES;
				CLANG_WARN_BOOL_CONVERSION = YES;
				CLANG_WARN_COMMA = YES;
				CLANG_WARN_CONSTANT_CONVERSION = YES;
				CLANG_WARN_DIRECT_OBJC_ISA_USAGE = YES_ERROR;
				CLANG_WARN_DOCUMENTATION_COMMENTS = YES;
				CLANG_WARN_EMPTY_BODY = YES;
				CLANG_WARN_ENUM_CONVERSION = YES;
				CLANG_WARN_INFINITE_RECURSION = YES;
				CLANG_WARN_INT_CONVERSION = YES;
				CLANG_WARN_NON_LITERAL_NULL_CONVERSION = YES;
				CLANG_WARN_OBJC_LITERAL_CONVERSION = YES;
				CLANG_WARN_OBJC_ROOT_CLASS = YES_ERROR;
				CLANG_WARN_RANGE_LOOP_ANALYSIS = YES;
				CLANG_WARN_STRICT_PROTOTYPES = YES;
				CLANG_WARN_SUSPICIOUS_MOVE = YES;
				CLANG_WARN_UNGUARDED_AVAILABILITY = YES_AGGRESSIVE;
				CLANG_WARN_UNREACHABLE_CODE = YES;
				CLANG_WARN__DUPLICATE_METHOD_MATCH = YES;
				CODE_SIGN_IDENTITY = "iPhone Developer";
				COPY_PHASE_STRIP = NO;
				DEBUG_INFORMATION_FORMAT = dwarf;
				ENABLE_STRICT_OBJC_MSGSEND = YES;
				ENABLE_TESTABILITY = YES;
				GCC_C_LANGUAGE_STANDARD = gnu11;
				GCC_DYNAMIC_NO_PIC = NO;
				GCC_NO_COMMON_BLOCKS = YES;
				GCC_OPTIMIZATION_LEVEL = 0;
				GCC_PREPROCESSOR_DEFINITIONS = (
					"DEBUG=1",
					"$(inherited)",
				);
				GCC_WARN_64_TO_32_BIT_CONVERSION = YES;
				GCC_WARN_ABOUT_RETURN_TYPE = YES_ERROR;
				GCC_WARN_UNDECLARED_SELECTOR = YES;
				GCC_WARN_UNINITIALIZED_AUTOS = YES_AGGRESSIVE;
				GCC_WARN_UNUSED_FUNCTION = YES;
				GCC_WARN_UNUSED_VARIABLE = YES;
				IPHONEOS_DEPLOYMENT_TARGET = 11.2;
				MTL_ENABLE_DEBUG_INFO = YES;
				ONLY_ACTIVE_ARCH = YES;
				SDKROOT = iphoneos;
				SWIFT_ACTIVE_COMPILATION_CONDITIONS = DEBUG;
				SWIFT_OPTIMIZATION_LEVEL = "-Onone";
			};
			name = Debug;
		};
		384CAE3620A6F45300EE0B4D /* Release */ = {
			isa = XCBuildConfiguration;
			buildSettings = {
				ALWAYS_SEARCH_USER_PATHS = NO;
				CLANG_ANALYZER_NONNULL = YES;
				CLANG_ANALYZER_NUMBER_OBJECT_CONVERSION = YES_AGGRESSIVE;
				CLANG_CXX_LANGUAGE_STANDARD = "gnu++14";
				CLANG_CXX_LIBRARY = "libc++";
				CLANG_ENABLE_MODULES = YES;
				CLANG_ENABLE_OBJC_ARC = YES;
				CLANG_WARN_BLOCK_CAPTURE_AUTORELEASING = YES;
				CLANG_WARN_BOOL_CONVERSION = YES;
				CLANG_WARN_COMMA = YES;
				CLANG_WARN_CONSTANT_CONVERSION = YES;
				CLANG_WARN_DIRECT_OBJC_ISA_USAGE = YES_ERROR;
				CLANG_WARN_DOCUMENTATION_COMMENTS = YES;
				CLANG_WARN_EMPTY_BODY = YES;
				CLANG_WARN_ENUM_CONVERSION = YES;
				CLANG_WARN_INFINITE_RECURSION = YES;
				CLANG_WARN_INT_CONVERSION = YES;
				CLANG_WARN_NON_LITERAL_NULL_CONVERSION = YES;
				CLANG_WARN_OBJC_LITERAL_CONVERSION = YES;
				CLANG_WARN_OBJC_ROOT_CLASS = YES_ERROR;
				CLANG_WARN_RANGE_LOOP_ANALYSIS = YES;
				CLANG_WARN_STRICT_PROTOTYPES = YES;
				CLANG_WARN_SUSPICIOUS_MOVE = YES;
				CLANG_WARN_UNGUARDED_AVAILABILITY = YES_AGGRESSIVE;
				CLANG_WARN_UNREACHABLE_CODE = YES;
				CLANG_WARN__DUPLICATE_METHOD_MATCH = YES;
				CODE_SIGN_IDENTITY = "iPhone Developer";
				COPY_PHASE_STRIP = NO;
				DEBUG_INFORMATION_FORMAT = "dwarf-with-dsym";
				ENABLE_NS_ASSERTIONS = NO;
				ENABLE_STRICT_OBJC_MSGSEND = YES;
				GCC_C_LANGUAGE_STANDARD = gnu11;
				GCC_NO_COMMON_BLOCKS = YES;
				GCC_WARN_64_TO_32_BIT_CONVERSION = YES;
				GCC_WARN_ABOUT_RETURN_TYPE = YES_ERROR;
				GCC_WARN_UNDECLARED_SELECTOR = YES;
				GCC_WARN_UNINITIALIZED_AUTOS = YES_AGGRESSIVE;
				GCC_WARN_UNUSED_FUNCTION = YES;
				GCC_WARN_UNUSED_VARIABLE = YES;
				IPHONEOS_DEPLOYMENT_TARGET = 11.2;
				MTL_ENABLE_DEBUG_INFO = NO;
				SDKROOT = iphoneos;
				SWIFT_OPTIMIZATION_LEVEL = "-Owholemodule";
				VALIDATE_PRODUCT = YES;
			};
			name = Release;
		};
		384CAE3820A6F45300EE0B4D /* Debug */ = {
			isa = XCBuildConfiguration;
			buildSettings = {
				ASSETCATALOG_COMPILER_APPICON_NAME = AppIcon;
				CODE_SIGN_STYLE = Automatic;
				INFOPLIST_FILE = BotTest/Info.plist;
				LD_RUNPATH_SEARCH_PATHS = "$(inherited) @executable_path/Frameworks";
				PRODUCT_BUNDLE_IDENTIFIER = com.codiant.BotTest;
				PRODUCT_NAME = "$(TARGET_NAME)";
				SWIFT_VERSION = 4.0;
				TARGETED_DEVICE_FAMILY = "1,2";
			};
			name = Debug;
		};
		384CAE3920A6F45300EE0B4D /* Release */ = {
			isa = XCBuildConfiguration;
			buildSettings = {
				ASSETCATALOG_COMPILER_APPICON_NAME = AppIcon;
				CODE_SIGN_STYLE = Automatic;
				INFOPLIST_FILE = BotTest/Info.plist;
				LD_RUNPATH_SEARCH_PATHS = "$(inherited) @executable_path/Frameworks";
				PRODUCT_BUNDLE_IDENTIFIER = com.codiant.BotTest;
				PRODUCT_NAME = "$(TARGET_NAME)";
				SWIFT_VERSION = 4.0;
				TARGETED_DEVICE_FAMILY = "1,2";
			};
			name = Release;
		};
/* End XCBuildConfiguration section */

/* Begin XCConfigurationList section */
		384CAE2020A6F45300EE0B4D /* Build configuration list for PBXProject "BotTest" */ = {
			isa = XCConfigurationList;
			buildConfigurations = (
				384CAE3520A6F45300EE0B4D /* Debug */,
				384CAE3620A6F45300EE0B4D /* Release */,
			);
			defaultConfigurationIsVisible = 0;
			defaultConfigurationName = Release;
		};
		384CAE3720A6F45300EE0B4D /* Build configuration list for PBXNativeTarget "BotTest" */ = {
			isa = XCConfigurationList;
			buildConfigurations = (
				384CAE3820A6F45300EE0B4D /* Debug */,
				384CAE3920A6F45300EE0B4D /* Release */,
			);
			defaultConfigurationIsVisible = 0;
			defaultConfigurationName = Release;
		};
/* End XCConfigurationList section */
	};
	rootObject = 384CAE1D20A6F45300EE0B4D /* Project object */;
}
